<?xml version="1.0" encoding="UTF-8" standalone="yes" ?>
<CodeBlocks_project_file>
	<FileVersion major="1" minor="6" />
	<Project>
		<Option title="SimpleEngine" />
		<Option pch_mode="2" />
		<Option compiler="gcc" />
		<Build>
			<Target title="Release">
				<Option output="bin/se" prefix_auto="1" extension_auto="1" />
				<Option working_dir="" />
				<Option object_output="obj" />
				<Option type="2" />
				<Option compiler="gcc" />
				<Option createDefFile="1" />
				<Compiler>
					<Add option="-fomit-frame-pointer" />
					<Add option="-fexpensive-optimizations" />
					<Add option="-O3" />
				</Compiler>
				<Linker>
					<Add option="-s" />
				</Linker>
			</Target>
			<Target title="Debug">
				<Option output="bin/sed" prefix_auto="1" extension_auto="1" />
				<Option working_dir="" />
				<Option object_output="obj" />
				<Option type="2" />
				<Option compiler="gcc" />
				<Option createDefFile="1" />
				<Compiler>
					<Add option="-g" />
				</Compiler>
			</Target>
		</Build>
		<Linker>
			<Add library="glui" />
			<Add library="freeglut" />
			<Add library="glu32" />
			<Add library="opengl32" />
		</Linker>
		<Unit filename="inc/MD2Normals.h" />
		<Unit filename="inc/MD2NormalsTab.h" />
		<Unit filename="inc/SEApplication.h" />
		<Unit filename="inc/SEComponent.h" />
		<Unit filename="inc/SEConfigurationLoader.h" />
		<Unit filename="inc/SEEntity.h" />
		<Unit filename="inc/SEEventHandler.h" />
		<Unit filename="inc/SEFlowController.h" />
		<Unit filename="inc/SEGLUIWindow.h" />
		<Unit filename="inc/SEGLUIWindowManager.h" />
		<Unit filename="inc/SEGLUTFlowController.h" />
		<Unit filename="inc/SEMD2Mesh.h" />
		<Unit filename="inc/SEMaterial.h" />
		<Unit filename="inc/SEMath.h" />
		<Unit filename="inc/SEMesh.h" />
		<Unit filename="inc/SEModel.h" />
		<Unit filename="inc/SEObject.h" />
		<Unit filename="inc/SEOpenGLRenderService.h" />
		<Unit filename="inc/SEPrimitive.h" />
		<Unit filename="inc/SERenderComponent.h" />
		<Unit filename="inc/SERenderObject.h" />
		<Unit filename="inc/SERenderService.h" />
		<Unit filename="inc/SEScene.h" />
		<Unit filename="inc/SESceneGraph.h" />
		<Unit filename="inc/SESceneManager.h" />
		<Unit filename="inc/SEServiceLocator.h" />
		<Unit filename="inc/SEVertex.h" />
		<Unit filename="inc/SEVertexBuffer.h" />
		<Unit filename="inc/SEWindow.h" />
		<Unit filename="inc/SEWindowManager.h" />
		<Unit filename="inc/SimpleEngine.h" />
		<Unit filename="inc/json.h" />
		<Unit filename="src/SEApplication.cpp" />
		<Unit filename="src/SEConfigurationLoader.cpp" />
		<Unit filename="src/SEGLUIWindow.cpp" />
		<Unit filename="src/SEGLUIWindowManager.cpp" />
		<Unit filename="src/SEGLUTFlowController.cpp" />
		<Unit filename="src/SEMD2Mesh.cpp" />
		<Unit filename="src/SEMath.cpp" />
		<Unit filename="src/SEMesh.cpp" />
		<Unit filename="src/SEModel.cpp" />
		<Unit filename="src/SEObject.cpp" />
		<Unit filename="src/SEOpenGLRenderService.cpp" />
		<Unit filename="src/SEServiceLocator.cpp" />
		<Unit filename="src/SimpleEngine.cpp" />
		<Unit filename="src/json.cpp" />
		<Extensions>
			<code_completion />
			<envvars />
			<debugger />
		</Extensions>
	</Project>
</CodeBlocks_project_file>
